{
  "name": "hashmap",
  "lockfileVersion": 3,
  "requires": true,
  "packages": {
    "": {
      "dependencies": {
        "ef-linked-list": "^1.0.0"
      }
    },
    "node_modules/ef-linked-list": {
      "version": "1.0.0",
      "resolved": "https://registry.npmjs.org/ef-linked-list/-/ef-linked-list-1.0.0.tgz",
      "integrity": "sha512-jv60fmsgP8zZabqxgwncn2XAjmQ3Je2+p0nqS4bkRXKejwfdoiIRQijML9Sm8sW1Irkjy9NYSG51YauMZkdLeQ==",
      "license": "ISC"
    }
  }
}
